{
  "name": "tmc",
  "version": "unspecified",
  "lockfileVersion": 3,
  "requires": true,
  "packages": {
    "": {
      "name": "tmc",
      "version": "unspecified",
      "workspaces": [
        "packages/tmc-components-core-outcome",
        "packages/tmc-components-core-outcome-test",
        "packages_imported/Kotlin-DateTime-library-kotlinx-datetime-wasm-js/0.8.0"
      ],
      "devDependencies": {}
    },
    "node_modules/@js-joda/core": {
      "version": "3.2.0",
      "resolved": "https://registry.npmjs.org/@js-joda/core/-/core-3.2.0.tgz",
      "integrity": "sha512-PMqgJ0sw5B7FKb2d5bWYIoxjri+QlW/Pys7+Rw82jSH0QN3rB05jZ/VrrsUdh1w4+i2kw9JOejXGq/KhDOX7Kg==",
      "license": "BSD-3-Clause"
    },
    "node_modules/Kotlin-DateTime-library-kotlinx-datetime-wasm-js": {
      "resolved": "packages_imported/Kotlin-DateTime-library-kotlinx-datetime-wasm-js/0.8.0",
      "link": true
    },
    "node_modules/tmc-components-core-outcome": {
      "resolved": "packages/tmc-components-core-outcome",
      "link": true
    },
    "node_modules/tmc-components-core-outcome-test": {
      "resolved": "packages/tmc-components-core-outcome-test",
      "link": true
    },
    "packages_imported/Kotlin-DateTime-library-kotlinx-datetime-wasm-js/0.8.0": {
      "name": "Kotlin-DateTime-library-kotlinx-datetime-wasm-js",
      "version": "0.8.0",
      "dependencies": {
        "@js-joda/core": "3.2.0"
      },
      "devDependencies": {}
    },
    "packages/tmc-components-core-outcome": {
      "version": "0.1.0-SNAPSHOT",
      "dependencies": {
        "@js-joda/core": "3.2.0"
      },
      "devDependencies": {}
    },
    "packages/tmc-components-core-outcome-test": {
      "version": "0.1.0-SNAPSHOT",
      "dependencies": {
        "@js-joda/core": "3.2.0"
      },
      "devDependencies": {}
    }
  }
}
